
Microsoft Visual Studio Solution File, Format Version 12.00
# Visual Studio Version 16
VisualStudioVersion = 16.0.30523.141
MinimumVisualStudioVersion = 10.0.40219.1
Project("{FAE04EC0-301F-11D3-BF4B-00C04F79EFBC}") = "RespawnTimer", "RespawnTimer\RespawnTimer.csproj", "{50BA9B3F-FDFF-49BD-A071-70831A342C68}"
EndProject
Global
	GlobalSection(SolutionConfigurationPlatforms) = preSolution
		Debug|Any CPU = Debug|Any CPU
		Release|Any CPU = Release|Any CPU
	EndGlobalSection
	GlobalSection(ProjectConfigurationPlatforms) = postSolution
		{50BA9B3F-FDFF-49BD-A071-70831A342C68}.Debug|Any CPU.ActiveCfg = Debug|Any CPU
		{50BA9B3F-FDFF-49BD-A071-70831A342C68}.Debug|Any CPU.Build.0 = Debug|Any CPU
		{50BA9B3F-FDFF-49BD-A071-70831A342C68}.Release|Any CPU.ActiveCfg = Release|Any CPU
		{50BA9B3F-FDFF-49BD-A071-70831A342C68}.Release|Any CPU.Build.0 = Release|Any CPU
	EndGlobalSection
	GlobalSection(SolutionProperties) = preSolution
		HideSolutionNode = FALSE
	EndGlobalSection
	GlobalSection(ExtensibilityGlobals) = postSolution
		SolutionGuid = {DE20CCF1-A800-44AF-A796-AF258E3D9414}
	EndGlobalSection
EndGlobal
